
Microsoft Visual Studio Solution File, Format Version 12.00
# Visual Studio 15
VisualStudioVersion = 15.0.28307.572
MinimumVisualStudioVersion = 10.0.40219.1
Project("{FAE04EC0-301F-11D3-BF4B-00C04F79EFBC}") = "Finances.Admin", "Finances.Admin\Finances.Admin.csproj", "{7F2C5070-531A-4CD1-9FB6-E9BA9665F18D}"
EndProject
Project("{FAE04EC0-301F-11D3-BF4B-00C04F79EFBC}") = "Finances.Core", "Finances.Core\Finances.Core.csproj", "{C35D1776-9494-4FC6-AD61-AE8B89BC5972}"
EndProject
Project("{FAE04EC0-301F-11D3-BF4B-00C04F79EFBC}") = "Finances.Infrastructure", "Finances.Infrastructure\Finances.Infrastructure.csproj", "{56B816AE-CA3C-4C62-B0D7-159BB849527A}"
EndProject
Project("{FAE04EC0-301F-11D3-BF4B-00C04F79EFBC}") = "Finances.Common", "Finances.Common\Finances.Common.csproj", "{80A31D1A-5C3E-41EE-92FD-9009DF801AA6}"
EndProject
Global
	GlobalSection(SolutionConfigurationPlatforms) = preSolution
		Debug|Any CPU = Debug|Any CPU
		Release|Any CPU = Release|Any CPU
	EndGlobalSection
	GlobalSection(ProjectConfigurationPlatforms) = postSolution
		{7F2C5070-531A-4CD1-9FB6-E9BA9665F18D}.Debug|Any CPU.ActiveCfg = Debug|Any CPU
		{7F2C5070-531A-4CD1-9FB6-E9BA9665F18D}.Debug|Any CPU.Build.0 = Debug|Any CPU
		{7F2C5070-531A-4CD1-9FB6-E9BA9665F18D}.Release|Any CPU.ActiveCfg = Release|Any CPU
		{7F2C5070-531A-4CD1-9FB6-E9BA9665F18D}.Release|Any CPU.Build.0 = Release|Any CPU
		{C35D1776-9494-4FC6-AD61-AE8B89BC5972}.Debug|Any CPU.ActiveCfg = Debug|Any CPU
		{C35D1776-9494-4FC6-AD61-AE8B89BC5972}.Debug|Any CPU.Build.0 = Debug|Any CPU
		{C35D1776-9494-4FC6-AD61-AE8B89BC5972}.Release|Any CPU.ActiveCfg = Release|Any CPU
		{C35D1776-9494-4FC6-AD61-AE8B89BC5972}.Release|Any CPU.Build.0 = Release|Any CPU
		{56B816AE-CA3C-4C62-B0D7-159BB849527A}.Debug|Any CPU.ActiveCfg = Debug|Any CPU
		{56B816AE-CA3C-4C62-B0D7-159BB849527A}.Debug|Any CPU.Build.0 = Debug|Any CPU
		{56B816AE-CA3C-4C62-B0D7-159BB849527A}.Release|Any CPU.ActiveCfg = Release|Any CPU
		{56B816AE-CA3C-4C62-B0D7-159BB849527A}.Release|Any CPU.Build.0 = Release|Any CPU
		{80A31D1A-5C3E-41EE-92FD-9009DF801AA6}.Debug|Any CPU.ActiveCfg = Debug|Any CPU
		{80A31D1A-5C3E-41EE-92FD-9009DF801AA6}.Debug|Any CPU.Build.0 = Debug|Any CPU
		{80A31D1A-5C3E-41EE-92FD-9009DF801AA6}.Release|Any CPU.ActiveCfg = Release|Any CPU
		{80A31D1A-5C3E-41EE-92FD-9009DF801AA6}.Release|Any CPU.Build.0 = Release|Any CPU
	EndGlobalSection
	GlobalSection(SolutionProperties) = preSolution
		HideSolutionNode = FALSE
	EndGlobalSection
	GlobalSection(ExtensibilityGlobals) = postSolution
		SolutionGuid = {90059FF7-6BB2-4550-9FF5-837D6E8009F7}
	EndGlobalSection
EndGlobal
